
Microsoft Visual Studio Solution File, Format Version 12.00
# Visual Studio Version 16
VisualStudioVersion = 16.0.31410.357
MinimumVisualStudioVersion = 10.0.40219.1
Project("{FAE04EC0-301F-11D3-BF4B-00C04F79EFBC}") = "InstrumentPriceMonitor", "InstrumentPriceMonitor\InstrumentPriceMonitor.csproj", "{66E9C3B4-0CF6-42CF-ACE5-C1707B3EEC65}"
EndProject
Project("{FAE04EC0-301F-11D3-BF4B-00C04F79EFBC}") = "InstrumentPriceMonitorEngine", "InstrumentPriceMonitorEngine\InstrumentPriceMonitorEngine.csproj", "{DF5CD72E-5490-4B6A-ABD3-BBA3E6F3F4CE}"
EndProject
Project("{FAE04EC0-301F-11D3-BF4B-00C04F79EFBC}") = "InstrumentPriceConsoleMonitor", "InstrumentPriceConsoleMonitor\InstrumentPriceConsoleMonitor.csproj", "{AE816C01-EA66-426D-A8C4-7379AEECD20E}"
EndProject
Project("{2150E333-8FDC-42A3-9474-1A3956D46DE8}") = "Solution Items", "Solution Items", "{6C40B590-2EC3-48BD-A5E0-F424B121B815}"
	ProjectSection(SolutionItems) = preProject
		.gitignore = .gitignore
		README.md = README.md
	EndProjectSection
EndProject
Global
	GlobalSection(SolutionConfigurationPlatforms) = preSolution
		Debug|Any CPU = Debug|Any CPU
		Release|Any CPU = Release|Any CPU
	EndGlobalSection
	GlobalSection(ProjectConfigurationPlatforms) = postSolution
		{66E9C3B4-0CF6-42CF-ACE5-C1707B3EEC65}.Debug|Any CPU.ActiveCfg = Debug|Any CPU
		{66E9C3B4-0CF6-42CF-ACE5-C1707B3EEC65}.Debug|Any CPU.Build.0 = Debug|Any CPU
		{66E9C3B4-0CF6-42CF-ACE5-C1707B3EEC65}.Release|Any CPU.ActiveCfg = Release|Any CPU
		{66E9C3B4-0CF6-42CF-ACE5-C1707B3EEC65}.Release|Any CPU.Build.0 = Release|Any CPU
		{DF5CD72E-5490-4B6A-ABD3-BBA3E6F3F4CE}.Debug|Any CPU.ActiveCfg = Debug|Any CPU
		{DF5CD72E-5490-4B6A-ABD3-BBA3E6F3F4CE}.Debug|Any CPU.Build.0 = Debug|Any CPU
		{DF5CD72E-5490-4B6A-ABD3-BBA3E6F3F4CE}.Release|Any CPU.ActiveCfg = Release|Any CPU
		{DF5CD72E-5490-4B6A-ABD3-BBA3E6F3F4CE}.Release|Any CPU.Build.0 = Release|Any CPU
		{AE816C01-EA66-426D-A8C4-7379AEECD20E}.Debug|Any CPU.ActiveCfg = Debug|Any CPU
		{AE816C01-EA66-426D-A8C4-7379AEECD20E}.Debug|Any CPU.Build.0 = Debug|Any CPU
		{AE816C01-EA66-426D-A8C4-7379AEECD20E}.Release|Any CPU.ActiveCfg = Release|Any CPU
		{AE816C01-EA66-426D-A8C4-7379AEECD20E}.Release|Any CPU.Build.0 = Release|Any CPU
	EndGlobalSection
	GlobalSection(SolutionProperties) = preSolution
		HideSolutionNode = FALSE
	EndGlobalSection
	GlobalSection(ExtensibilityGlobals) = postSolution
		SolutionGuid = {49215278-3C6D-4FBE-8AB6-7E3918BB275C}
	EndGlobalSection
EndGlobal
